# This file is autogenerated, do not edit; changes may be undone by the next 'dep ensure'.


[[projects]]
  branch = "master"
  name = "github.com/daviddengcn/go-colortext"
  packages = ["."]
  revision = "805cee6e0d43c72ba1d4e3275965ff41e0da068a"

[[projects]]
  name = "github.com/go-sql-driver/mysql"
  packages = ["."]
  revision = "a0583e0143b1624142adab07e0e97fe106d99561"
  version = "v1.3"

[[projects]]
  branch = "master"
  name = "github.com/gorilla/feeds"
  packages = ["."]
  revision = "b78e02c3f88b84269be5c20c2b98127bbea1fcba"

[[projects]]
  name = "github.com/jessevdk/go-flags"
  packages = ["."]
  revision = "96dc06278ce32a0e9d957d590bb987c81ee66407"
  version = "v1.3.0"

[[projects]]
  name = "github.com/joho/godotenv"
  packages = ["."]
  revision = "a79fa1e548e2c689c241d10173efd51e5d689d5b"
  version = "v1.2.0"

[[projects]]
  name = "github.com/mattn/go-colorable"
  packages = ["."]
  revision = "167de6bfdfba052fa6b2d3664c8f5272e23c9072"
  version = "v0.0.9"

[[projects]]
  name = "github.com/mattn/go-isatty"
  packages = ["."]
  revision = "0360b2af4f38e8d38c7fce2a9f4e702702d73a39"
  version = "v0.0.3"

[[projects]]
  name = "github.com/mattn/go-sqlite3"
  packages = ["."]
  revision = "5160b48509cf5c877bc22c11c373f8c7738cdb38"
  version = "v1.3.0"

[[projects]]
  branch = "master"
  name = "github.com/naoina/denco"
  packages = ["."]
  revision = "a2656d3ed566ac9912ba18fcfc942c562d9463c7"

[[projects]]
  branch = "master"
  name = "github.com/naoina/genmai"
  packages = ["."]
  revision = "78583835e1e41e3938e1ddfffd7101f8ad27fae0"

[[projects]]
  name = "github.com/naoina/go-stringutil"
  packages = ["."]
  revision = "6b638e95a32d0c1131db0e7fe83775cbea4a0d0b"
  version = "v0.1.0"

[[projects]]
  name = "github.com/naoina/kocha"
  packages = [".","event","event/memory","log","util"]
  revision = "47dcc2fdd6ce8358acdcb65cb3f04b6fcc8b23df"
  version = "v0.7.0"

[[projects]]
  branch = "master"
  name = "github.com/naoina/miyabi"
  packages = ["."]
  revision = "7fc17ba3ccdeafab50db0a8a815bb649a345c057"

[[projects]]
  branch = "master"
  name = "github.com/ugorji/go"
  packages = ["codec"]
  revision = "50189f05eaf5a0c17e5084eb8f7fb91e23699840"

[[projects]]
  branch = "master"
  name = "golang.org/x/net"
  packages = ["context"]
  revision = "01c190206fbdffa42f334f4b2bf2220f50e64920"

[[projects]]
  branch = "master"
  name = "golang.org/x/sys"
  packages = ["unix"]
  revision = "8eb05f94d449fdf134ec24630ce69ada5b469c1c"

[[projects]]
  branch = "v2"
  name = "gopkg.in/alexcesaro/quotedprintable.v2"
  packages = [".","internal"]
  revision = "9b4a113f96b3263b5223fe9c5fd1d1115811b343"

[[projects]]
  branch = "v1"
  name = "gopkg.in/gomail.v1"
  packages = ["."]
  revision = "11b919ab4933936a28fb6aeda5c6523091266f37"

[solve-meta]
  analyzer-name = "dep"
  analyzer-version = 1
  inputs-digest = "b9ec44893fbe71623a2e681f7117c9c7e02d128940b73bcc074bed69ed20222a"
  solver-name = "gps-cdcl"
  solver-version = 1
